<?xml version="1.0" encoding="utf-8"?>
<Project ToolsVersion="15.0" xmlns="http://schemas.microsoft.com/developer/msbuild/2003">
  <ItemGroup>
    <ClCompile Include="E:\projects\NPLRuntime\Client\trunk\externals\bullet3\src\Bullet3Serialize\Bullet2FileLoader\b3BulletFile.cpp">
      <Filter>Source Files</Filter>
    </ClCompile>
    <ClCompile Include="E:\projects\NPLRuntime\Client\trunk\externals\bullet3\src\Bullet3Serialize\Bullet2FileLoader\b3Chunk.cpp">
      <Filter>Source Files</Filter>
    </ClCompile>
    <ClCompile Include="E:\projects\NPLRuntime\Client\trunk\externals\bullet3\src\Bullet3Serialize\Bullet2FileLoader\b3DNA.cpp">
      <Filter>Source Files</Filter>
    </ClCompile>
    <ClCompile Include="E:\projects\NPLRuntime\Client\trunk\externals\bullet3\src\Bullet3Serialize\Bullet2FileLoader\b3File.cpp">
      <Filter>Source Files</Filter>
    </ClCompile>
    <ClCompile Include="E:\projects\NPLRuntime\Client\trunk\externals\bullet3\src\Bullet3Serialize\Bullet2FileLoader\b3Serializer.cpp">
      <Filter>Source Files</Filter>
    </ClCompile>
  </ItemGroup>
  <ItemGroup>
    <ClInclude Include="E:\projects\NPLRuntime\Client\trunk\externals\bullet3\src\Bullet3Serialize\Bullet2FileLoader\b3BulletFile.h">
      <Filter>Header Files</Filter>
    </ClInclude>
    <ClInclude Include="E:\projects\NPLRuntime\Client\trunk\externals\bullet3\src\Bullet3Serialize\Bullet2FileLoader\b3Chunk.h">
      <Filter>Header Files</Filter>
    </ClInclude>
    <ClInclude Include="E:\projects\NPLRuntime\Client\trunk\externals\bullet3\src\Bullet3Serialize\Bullet2FileLoader\b3Common.h">
      <Filter>Header Files</Filter>
    </ClInclude>
    <ClInclude Include="E:\projects\NPLRuntime\Client\trunk\externals\bullet3\src\Bullet3Serialize\Bullet2FileLoader\b3Defines.h">
      <Filter>Header Files</Filter>
    </ClInclude>
    <ClInclude Include="E:\projects\NPLRuntime\Client\trunk\externals\bullet3\src\Bullet3Serialize\Bullet2FileLoader\b3DNA.h">
      <Filter>Header Files</Filter>
    </ClInclude>
    <ClInclude Include="E:\projects\NPLRuntime\Client\trunk\externals\bullet3\src\Bullet3Serialize\Bullet2FileLoader\b3File.h">
      <Filter>Header Files</Filter>
    </ClInclude>
    <ClInclude Include="E:\projects\NPLRuntime\Client\trunk\externals\bullet3\src\Bullet3Serialize\Bullet2FileLoader\b3Serializer.h">
      <Filter>Header Files</Filter>
    </ClInclude>
    <ClInclude Include="E:\projects\NPLRuntime\Client\trunk\externals\bullet3\src\Bullet3Serialize\Bullet2FileLoader\autogenerated\bullet2.h">
      <Filter>Header Files</Filter>
    </ClInclude>
  </ItemGroup>
  <ItemGroup>
    <CustomBuild Include="E:\projects\NPLRuntime\Client\trunk\externals\bullet3\src\Bullet3Serialize\Bullet2FileLoader\CMakeLists.txt" />
  </ItemGroup>
  <ItemGroup>
    <Filter Include="Header Files">
      <UniqueIdentifier>{0822866B-7A79-3995-A468-392BA3023C58}</UniqueIdentifier>
    </Filter>
    <Filter Include="Source Files">
      <UniqueIdentifier>{4C2CAF42-75C3-3BBA-99C8-90464169B846}</UniqueIdentifier>
    </Filter>
  </ItemGroup>
</Project>
