
Microsoft Visual Studio Solution File, Format Version 12.00
# Visual Studio 15
Project("{8BC9CEB8-8B4A-11D0-8D11-00A0C91BC942}") = "ALL_BUILD", "ALL_BUILD.vcxproj", "{E27A3B1B-E5B4-3BAD-B970-102F23BCC160}"
	ProjectSection(ProjectDependencies) = postProject
		{30A4C736-4692-37F3-B7CE-7E3A783FA762} = {30A4C736-4692-37F3-B7CE-7E3A783FA762}
		{D48BB1AE-F537-35FE-8D3D-0F20C72F7DCA} = {D48BB1AE-F537-35FE-8D3D-0F20C72F7DCA}
		{D2D4B718-1918-375B-8B0A-CFC0588B3F83} = {D2D4B718-1918-375B-8B0A-CFC0588B3F83}
		{1D950818-3D5A-3C34-833C-C43523447D96} = {1D950818-3D5A-3C34-833C-C43523447D96}
		{8AFCB545-E5E5-387E-9888-93775DF12893} = {8AFCB545-E5E5-387E-9888-93775DF12893}
		{5BC31486-4AAD-39B4-8C3E-4DCE035081CF} = {5BC31486-4AAD-39B4-8C3E-4DCE035081CF}
		{8FED6361-DF0E-3769-91FF-2ACD3612538D} = {8FED6361-DF0E-3769-91FF-2ACD3612538D}
		{CA0BF6B4-1DA3-3626-B1A8-97A1445C03C7} = {CA0BF6B4-1DA3-3626-B1A8-97A1445C03C7}
		{2ADEB1D3-4568-351D-91FD-B1448B3E40EF} = {2ADEB1D3-4568-351D-91FD-B1448B3E40EF}
		{EEF89B04-510B-3B5B-8D94-FC564704039B} = {EEF89B04-510B-3B5B-8D94-FC564704039B}
		{65EFA59F-FEC5-3373-AFD1-F0D766ED48C5} = {65EFA59F-FEC5-3373-AFD1-F0D766ED48C5}
		{7EC2056F-461C-3D6F-9F2D-07AF264B9EA4} = {7EC2056F-461C-3D6F-9F2D-07AF264B9EA4}
	EndProjectSection
EndProject
Project("{8BC9CEB8-8B4A-11D0-8D11-00A0C91BC942}") = "Bullet2FileLoader", "src\Bullet3Serialize\Bullet2FileLoader\Bullet2FileLoader.vcxproj", "{30A4C736-4692-37F3-B7CE-7E3A783FA762}"
	ProjectSection(ProjectDependencies) = postProject
		{7EC2056F-461C-3D6F-9F2D-07AF264B9EA4} = {7EC2056F-461C-3D6F-9F2D-07AF264B9EA4}
	EndProjectSection
EndProject
Project("{8BC9CEB8-8B4A-11D0-8D11-00A0C91BC942}") = "Bullet3Collision", "src\Bullet3Collision\Bullet3Collision.vcxproj", "{D48BB1AE-F537-35FE-8D3D-0F20C72F7DCA}"
	ProjectSection(ProjectDependencies) = postProject
		{7EC2056F-461C-3D6F-9F2D-07AF264B9EA4} = {7EC2056F-461C-3D6F-9F2D-07AF264B9EA4}
	EndProjectSection
EndProject
Project("{8BC9CEB8-8B4A-11D0-8D11-00A0C91BC942}") = "Bullet3Common", "src\Bullet3Common\Bullet3Common.vcxproj", "{D2D4B718-1918-375B-8B0A-CFC0588B3F83}"
	ProjectSection(ProjectDependencies) = postProject
		{7EC2056F-461C-3D6F-9F2D-07AF264B9EA4} = {7EC2056F-461C-3D6F-9F2D-07AF264B9EA4}
	EndProjectSection
EndProject
Project("{8BC9CEB8-8B4A-11D0-8D11-00A0C91BC942}") = "Bullet3Dynamics", "src\Bullet3Dynamics\Bullet3Dynamics.vcxproj", "{1D950818-3D5A-3C34-833C-C43523447D96}"
	ProjectSection(ProjectDependencies) = postProject
		{7EC2056F-461C-3D6F-9F2D-07AF264B9EA4} = {7EC2056F-461C-3D6F-9F2D-07AF264B9EA4}
	EndProjectSection
EndProject
Project("{8BC9CEB8-8B4A-11D0-8D11-00A0C91BC942}") = "Bullet3Geometry", "src\Bullet3Geometry\Bullet3Geometry.vcxproj", "{8AFCB545-E5E5-387E-9888-93775DF12893}"
	ProjectSection(ProjectDependencies) = postProject
		{7EC2056F-461C-3D6F-9F2D-07AF264B9EA4} = {7EC2056F-461C-3D6F-9F2D-07AF264B9EA4}
	EndProjectSection
EndProject
Project("{8BC9CEB8-8B4A-11D0-8D11-00A0C91BC942}") = "Bullet3OpenCL_clew", "src\Bullet3OpenCL\Bullet3OpenCL_clew.vcxproj", "{5BC31486-4AAD-39B4-8C3E-4DCE035081CF}"
	ProjectSection(ProjectDependencies) = postProject
		{7EC2056F-461C-3D6F-9F2D-07AF264B9EA4} = {7EC2056F-461C-3D6F-9F2D-07AF264B9EA4}
	EndProjectSection
EndProject
Project("{8BC9CEB8-8B4A-11D0-8D11-00A0C91BC942}") = "BulletCollision", "src\BulletCollision\BulletCollision.vcxproj", "{8FED6361-DF0E-3769-91FF-2ACD3612538D}"
	ProjectSection(ProjectDependencies) = postProject
		{7EC2056F-461C-3D6F-9F2D-07AF264B9EA4} = {7EC2056F-461C-3D6F-9F2D-07AF264B9EA4}
	EndProjectSection
EndProject
Project("{8BC9CEB8-8B4A-11D0-8D11-00A0C91BC942}") = "BulletDynamics", "src\BulletDynamics\BulletDynamics.vcxproj", "{CA0BF6B4-1DA3-3626-B1A8-97A1445C03C7}"
	ProjectSection(ProjectDependencies) = postProject
		{7EC2056F-461C-3D6F-9F2D-07AF264B9EA4} = {7EC2056F-461C-3D6F-9F2D-07AF264B9EA4}
	EndProjectSection
EndProject
Project("{8BC9CEB8-8B4A-11D0-8D11-00A0C91BC942}") = "BulletInverseDynamics", "src\BulletInverseDynamics\BulletInverseDynamics.vcxproj", "{2ADEB1D3-4568-351D-91FD-B1448B3E40EF}"
	ProjectSection(ProjectDependencies) = postProject
		{7EC2056F-461C-3D6F-9F2D-07AF264B9EA4} = {7EC2056F-461C-3D6F-9F2D-07AF264B9EA4}
	EndProjectSection
EndProject
Project("{8BC9CEB8-8B4A-11D0-8D11-00A0C91BC942}") = "BulletSoftBody", "src\BulletSoftBody\BulletSoftBody.vcxproj", "{EEF89B04-510B-3B5B-8D94-FC564704039B}"
	ProjectSection(ProjectDependencies) = postProject
		{7EC2056F-461C-3D6F-9F2D-07AF264B9EA4} = {7EC2056F-461C-3D6F-9F2D-07AF264B9EA4}
	EndProjectSection
EndProject
Project("{8BC9CEB8-8B4A-11D0-8D11-00A0C91BC942}") = "INSTALL", "INSTALL.vcxproj", "{E2BDBFA2-3E09-3D8A-BD3D-726EBCCD6282}"
	ProjectSection(ProjectDependencies) = postProject
		{E27A3B1B-E5B4-3BAD-B970-102F23BCC160} = {E27A3B1B-E5B4-3BAD-B970-102F23BCC160}
		{7EC2056F-461C-3D6F-9F2D-07AF264B9EA4} = {7EC2056F-461C-3D6F-9F2D-07AF264B9EA4}
	EndProjectSection
EndProject
Project("{8BC9CEB8-8B4A-11D0-8D11-00A0C91BC942}") = "LinearMath", "src\LinearMath\LinearMath.vcxproj", "{65EFA59F-FEC5-3373-AFD1-F0D766ED48C5}"
	ProjectSection(ProjectDependencies) = postProject
		{7EC2056F-461C-3D6F-9F2D-07AF264B9EA4} = {7EC2056F-461C-3D6F-9F2D-07AF264B9EA4}
	EndProjectSection
EndProject
Project("{8BC9CEB8-8B4A-11D0-8D11-00A0C91BC942}") = "ZERO_CHECK", "..\\ZERO_CHECK.vcxproj", "{7EC2056F-461C-3D6F-9F2D-07AF264B9EA4}"
	ProjectSection(ProjectDependencies) = postProject
	EndProjectSection
EndProject
Global
	GlobalSection(SolutionConfigurationPlatforms) = preSolution
		Debug|Win32 = Debug|Win32
		Release|Win32 = Release|Win32
		MinSizeRel|Win32 = MinSizeRel|Win32
		RelWithDebInfo|Win32 = RelWithDebInfo|Win32
	EndGlobalSection
	GlobalSection(ProjectConfigurationPlatforms) = postSolution
		{E27A3B1B-E5B4-3BAD-B970-102F23BCC160}.Debug|Win32.ActiveCfg = Debug|Win32
		{E27A3B1B-E5B4-3BAD-B970-102F23BCC160}.Debug|Win32.Build.0 = Debug|Win32
		{E27A3B1B-E5B4-3BAD-B970-102F23BCC160}.Release|Win32.ActiveCfg = Release|Win32
		{E27A3B1B-E5B4-3BAD-B970-102F23BCC160}.Release|Win32.Build.0 = Release|Win32
		{E27A3B1B-E5B4-3BAD-B970-102F23BCC160}.MinSizeRel|Win32.ActiveCfg = MinSizeRel|Win32
		{E27A3B1B-E5B4-3BAD-B970-102F23BCC160}.MinSizeRel|Win32.Build.0 = MinSizeRel|Win32
		{E27A3B1B-E5B4-3BAD-B970-102F23BCC160}.RelWithDebInfo|Win32.ActiveCfg = RelWithDebInfo|Win32
		{E27A3B1B-E5B4-3BAD-B970-102F23BCC160}.RelWithDebInfo|Win32.Build.0 = RelWithDebInfo|Win32
		{30A4C736-4692-37F3-B7CE-7E3A783FA762}.Debug|Win32.ActiveCfg = Debug|Win32
		{30A4C736-4692-37F3-B7CE-7E3A783FA762}.Debug|Win32.Build.0 = Debug|Win32
		{30A4C736-4692-37F3-B7CE-7E3A783FA762}.Release|Win32.ActiveCfg = Release|Win32
		{30A4C736-4692-37F3-B7CE-7E3A783FA762}.Release|Win32.Build.0 = Release|Win32
		{30A4C736-4692-37F3-B7CE-7E3A783FA762}.MinSizeRel|Win32.ActiveCfg = MinSizeRel|Win32
		{30A4C736-4692-37F3-B7CE-7E3A783FA762}.MinSizeRel|Win32.Build.0 = MinSizeRel|Win32
		{30A4C736-4692-37F3-B7CE-7E3A783FA762}.RelWithDebInfo|Win32.ActiveCfg = RelWithDebInfo|Win32
		{30A4C736-4692-37F3-B7CE-7E3A783FA762}.RelWithDebInfo|Win32.Build.0 = RelWithDebInfo|Win32
		{D48BB1AE-F537-35FE-8D3D-0F20C72F7DCA}.Debug|Win32.ActiveCfg = Debug|Win32
		{D48BB1AE-F537-35FE-8D3D-0F20C72F7DCA}.Debug|Win32.Build.0 = Debug|Win32
		{D48BB1AE-F537-35FE-8D3D-0F20C72F7DCA}.Release|Win32.ActiveCfg = Release|Win32
		{D48BB1AE-F537-35FE-8D3D-0F20C72F7DCA}.Release|Win32.Build.0 = Release|Win32
		{D48BB1AE-F537-35FE-8D3D-0F20C72F7DCA}.MinSizeRel|Win32.ActiveCfg = MinSizeRel|Win32
		{D48BB1AE-F537-35FE-8D3D-0F20C72F7DCA}.MinSizeRel|Win32.Build.0 = MinSizeRel|Win32
		{D48BB1AE-F537-35FE-8D3D-0F20C72F7DCA}.RelWithDebInfo|Win32.ActiveCfg = RelWithDebInfo|Win32
		{D48BB1AE-F537-35FE-8D3D-0F20C72F7DCA}.RelWithDebInfo|Win32.Build.0 = RelWithDebInfo|Win32
		{D2D4B718-1918-375B-8B0A-CFC0588B3F83}.Debug|Win32.ActiveCfg = Debug|Win32
		{D2D4B718-1918-375B-8B0A-CFC0588B3F83}.Debug|Win32.Build.0 = Debug|Win32
		{D2D4B718-1918-375B-8B0A-CFC0588B3F83}.Release|Win32.ActiveCfg = Release|Win32
		{D2D4B718-1918-375B-8B0A-CFC0588B3F83}.Release|Win32.Build.0 = Release|Win32
		{D2D4B718-1918-375B-8B0A-CFC0588B3F83}.MinSizeRel|Win32.ActiveCfg = MinSizeRel|Win32
		{D2D4B718-1918-375B-8B0A-CFC0588B3F83}.MinSizeRel|Win32.Build.0 = MinSizeRel|Win32
		{D2D4B718-1918-375B-8B0A-CFC0588B3F83}.RelWithDebInfo|Win32.ActiveCfg = RelWithDebInfo|Win32
		{D2D4B718-1918-375B-8B0A-CFC0588B3F83}.RelWithDebInfo|Win32.Build.0 = RelWithDebInfo|Win32
		{1D950818-3D5A-3C34-833C-C43523447D96}.Debug|Win32.ActiveCfg = Debug|Win32
		{1D950818-3D5A-3C34-833C-C43523447D96}.Debug|Win32.Build.0 = Debug|Win32
		{1D950818-3D5A-3C34-833C-C43523447D96}.Release|Win32.ActiveCfg = Release|Win32
		{1D950818-3D5A-3C34-833C-C43523447D96}.Release|Win32.Build.0 = Release|Win32
		{1D950818-3D5A-3C34-833C-C43523447D96}.MinSizeRel|Win32.ActiveCfg = MinSizeRel|Win32
		{1D950818-3D5A-3C34-833C-C43523447D96}.MinSizeRel|Win32.Build.0 = MinSizeRel|Win32
		{1D950818-3D5A-3C34-833C-C43523447D96}.RelWithDebInfo|Win32.ActiveCfg = RelWithDebInfo|Win32
		{1D950818-3D5A-3C34-833C-C43523447D96}.RelWithDebInfo|Win32.Build.0 = RelWithDebInfo|Win32
		{8AFCB545-E5E5-387E-9888-93775DF12893}.Debug|Win32.ActiveCfg = Debug|Win32
		{8AFCB545-E5E5-387E-9888-93775DF12893}.Debug|Win32.Build.0 = Debug|Win32
		{8AFCB545-E5E5-387E-9888-93775DF12893}.Release|Win32.ActiveCfg = Release|Win32
		{8AFCB545-E5E5-387E-9888-93775DF12893}.Release|Win32.Build.0 = Release|Win32
		{8AFCB545-E5E5-387E-9888-93775DF12893}.MinSizeRel|Win32.ActiveCfg = MinSizeRel|Win32
		{8AFCB545-E5E5-387E-9888-93775DF12893}.MinSizeRel|Win32.Build.0 = MinSizeRel|Win32
		{8AFCB545-E5E5-387E-9888-93775DF12893}.RelWithDebInfo|Win32.ActiveCfg = RelWithDebInfo|Win32
		{8AFCB545-E5E5-387E-9888-93775DF12893}.RelWithDebInfo|Win32.Build.0 = RelWithDebInfo|Win32
		{5BC31486-4AAD-39B4-8C3E-4DCE035081CF}.Debug|Win32.ActiveCfg = Debug|Win32
		{5BC31486-4AAD-39B4-8C3E-4DCE035081CF}.Debug|Win32.Build.0 = Debug|Win32
		{5BC31486-4AAD-39B4-8C3E-4DCE035081CF}.Release|Win32.ActiveCfg = Release|Win32
		{5BC31486-4AAD-39B4-8C3E-4DCE035081CF}.Release|Win32.Build.0 = Release|Win32
		{5BC31486-4AAD-39B4-8C3E-4DCE035081CF}.MinSizeRel|Win32.ActiveCfg = MinSizeRel|Win32
		{5BC31486-4AAD-39B4-8C3E-4DCE035081CF}.MinSizeRel|Win32.Build.0 = MinSizeRel|Win32
		{5BC31486-4AAD-39B4-8C3E-4DCE035081CF}.RelWithDebInfo|Win32.ActiveCfg = RelWithDebInfo|Win32
		{5BC31486-4AAD-39B4-8C3E-4DCE035081CF}.RelWithDebInfo|Win32.Build.0 = RelWithDebInfo|Win32
		{8FED6361-DF0E-3769-91FF-2ACD3612538D}.Debug|Win32.ActiveCfg = Debug|Win32
		{8FED6361-DF0E-3769-91FF-2ACD3612538D}.Debug|Win32.Build.0 = Debug|Win32
		{8FED6361-DF0E-3769-91FF-2ACD3612538D}.Release|Win32.ActiveCfg = Release|Win32
		{8FED6361-DF0E-3769-91FF-2ACD3612538D}.Release|Win32.Build.0 = Release|Win32
		{8FED6361-DF0E-3769-91FF-2ACD3612538D}.MinSizeRel|Win32.ActiveCfg = MinSizeRel|Win32
		{8FED6361-DF0E-3769-91FF-2ACD3612538D}.MinSizeRel|Win32.Build.0 = MinSizeRel|Win32
		{8FED6361-DF0E-3769-91FF-2ACD3612538D}.RelWithDebInfo|Win32.ActiveCfg = RelWithDebInfo|Win32
		{8FED6361-DF0E-3769-91FF-2ACD3612538D}.RelWithDebInfo|Win32.Build.0 = RelWithDebInfo|Win32
		{CA0BF6B4-1DA3-3626-B1A8-97A1445C03C7}.Debug|Win32.ActiveCfg = Debug|Win32
		{CA0BF6B4-1DA3-3626-B1A8-97A1445C03C7}.Debug|Win32.Build.0 = Debug|Win32
		{CA0BF6B4-1DA3-3626-B1A8-97A1445C03C7}.Release|Win32.ActiveCfg = Release|Win32
		{CA0BF6B4-1DA3-3626-B1A8-97A1445C03C7}.Release|Win32.Build.0 = Release|Win32
		{CA0BF6B4-1DA3-3626-B1A8-97A1445C03C7}.MinSizeRel|Win32.ActiveCfg = MinSizeRel|Win32
		{CA0BF6B4-1DA3-3626-B1A8-97A1445C03C7}.MinSizeRel|Win32.Build.0 = MinSizeRel|Win32
		{CA0BF6B4-1DA3-3626-B1A8-97A1445C03C7}.RelWithDebInfo|Win32.ActiveCfg = RelWithDebInfo|Win32
		{CA0BF6B4-1DA3-3626-B1A8-97A1445C03C7}.RelWithDebInfo|Win32.Build.0 = RelWithDebInfo|Win32
		{2ADEB1D3-4568-351D-91FD-B1448B3E40EF}.Debug|Win32.ActiveCfg = Debug|Win32
		{2ADEB1D3-4568-351D-91FD-B1448B3E40EF}.Debug|Win32.Build.0 = Debug|Win32
		{2ADEB1D3-4568-351D-91FD-B1448B3E40EF}.Release|Win32.ActiveCfg = Release|Win32
		{2ADEB1D3-4568-351D-91FD-B1448B3E40EF}.Release|Win32.Build.0 = Release|Win32
		{2ADEB1D3-4568-351D-91FD-B1448B3E40EF}.MinSizeRel|Win32.ActiveCfg = MinSizeRel|Win32
		{2ADEB1D3-4568-351D-91FD-B1448B3E40EF}.MinSizeRel|Win32.Build.0 = MinSizeRel|Win32
		{2ADEB1D3-4568-351D-91FD-B1448B3E40EF}.RelWithDebInfo|Win32.ActiveCfg = RelWithDebInfo|Win32
		{2ADEB1D3-4568-351D-91FD-B1448B3E40EF}.RelWithDebInfo|Win32.Build.0 = RelWithDebInfo|Win32
		{EEF89B04-510B-3B5B-8D94-FC564704039B}.Debug|Win32.ActiveCfg = Debug|Win32
		{EEF89B04-510B-3B5B-8D94-FC564704039B}.Debug|Win32.Build.0 = Debug|Win32
		{EEF89B04-510B-3B5B-8D94-FC564704039B}.Release|Win32.ActiveCfg = Release|Win32
		{EEF89B04-510B-3B5B-8D94-FC564704039B}.Release|Win32.Build.0 = Release|Win32
		{EEF89B04-510B-3B5B-8D94-FC564704039B}.MinSizeRel|Win32.ActiveCfg = MinSizeRel|Win32
		{EEF89B04-510B-3B5B-8D94-FC564704039B}.MinSizeRel|Win32.Build.0 = MinSizeRel|Win32
		{EEF89B04-510B-3B5B-8D94-FC564704039B}.RelWithDebInfo|Win32.ActiveCfg = RelWithDebInfo|Win32
		{EEF89B04-510B-3B5B-8D94-FC564704039B}.RelWithDebInfo|Win32.Build.0 = RelWithDebInfo|Win32
		{E2BDBFA2-3E09-3D8A-BD3D-726EBCCD6282}.Debug|Win32.ActiveCfg = Debug|Win32
		{E2BDBFA2-3E09-3D8A-BD3D-726EBCCD6282}.Release|Win32.ActiveCfg = Release|Win32
		{E2BDBFA2-3E09-3D8A-BD3D-726EBCCD6282}.MinSizeRel|Win32.ActiveCfg = MinSizeRel|Win32
		{E2BDBFA2-3E09-3D8A-BD3D-726EBCCD6282}.RelWithDebInfo|Win32.ActiveCfg = RelWithDebInfo|Win32
		{65EFA59F-FEC5-3373-AFD1-F0D766ED48C5}.Debug|Win32.ActiveCfg = Debug|Win32
		{65EFA59F-FEC5-3373-AFD1-F0D766ED48C5}.Debug|Win32.Build.0 = Debug|Win32
		{65EFA59F-FEC5-3373-AFD1-F0D766ED48C5}.Release|Win32.ActiveCfg = Release|Win32
		{65EFA59F-FEC5-3373-AFD1-F0D766ED48C5}.Release|Win32.Build.0 = Release|Win32
		{65EFA59F-FEC5-3373-AFD1-F0D766ED48C5}.MinSizeRel|Win32.ActiveCfg = MinSizeRel|Win32
		{65EFA59F-FEC5-3373-AFD1-F0D766ED48C5}.MinSizeRel|Win32.Build.0 = MinSizeRel|Win32
		{65EFA59F-FEC5-3373-AFD1-F0D766ED48C5}.RelWithDebInfo|Win32.ActiveCfg = RelWithDebInfo|Win32
		{65EFA59F-FEC5-3373-AFD1-F0D766ED48C5}.RelWithDebInfo|Win32.Build.0 = RelWithDebInfo|Win32
		{7EC2056F-461C-3D6F-9F2D-07AF264B9EA4}.Debug|Win32.ActiveCfg = Debug|Win32
		{7EC2056F-461C-3D6F-9F2D-07AF264B9EA4}.Debug|Win32.Build.0 = Debug|Win32
		{7EC2056F-461C-3D6F-9F2D-07AF264B9EA4}.Release|Win32.ActiveCfg = Release|Win32
		{7EC2056F-461C-3D6F-9F2D-07AF264B9EA4}.Release|Win32.Build.0 = Release|Win32
		{7EC2056F-461C-3D6F-9F2D-07AF264B9EA4}.MinSizeRel|Win32.ActiveCfg = MinSizeRel|Win32
		{7EC2056F-461C-3D6F-9F2D-07AF264B9EA4}.MinSizeRel|Win32.Build.0 = MinSizeRel|Win32
		{7EC2056F-461C-3D6F-9F2D-07AF264B9EA4}.RelWithDebInfo|Win32.ActiveCfg = RelWithDebInfo|Win32
		{7EC2056F-461C-3D6F-9F2D-07AF264B9EA4}.RelWithDebInfo|Win32.Build.0 = RelWithDebInfo|Win32
	EndGlobalSection
	GlobalSection(ExtensibilityGlobals) = postSolution
		SolutionGuid = {3A26EFD9-B71A-3FA4-9554-E2F9F53B0614}
	EndGlobalSection
	GlobalSection(ExtensibilityAddIns) = postSolution
	EndGlobalSection
EndGlobal
