<?xml version="1.0" encoding="utf-8"?>
<Project ToolsVersion="15.0" xmlns="http://schemas.microsoft.com/developer/msbuild/2003">
  <ItemGroup>
    <ClCompile Include="E:\projects\NPLRuntime\Server\trunk\zlib-1.2.11\adler32.c">
      <Filter>Source Files</Filter>
    </ClCompile>
    <ClCompile Include="E:\projects\NPLRuntime\Server\trunk\zlib-1.2.11\compress.c">
      <Filter>Source Files</Filter>
    </ClCompile>
    <ClCompile Include="E:\projects\NPLRuntime\Server\trunk\zlib-1.2.11\crc32.c">
      <Filter>Source Files</Filter>
    </ClCompile>
    <ClCompile Include="E:\projects\NPLRuntime\Server\trunk\zlib-1.2.11\deflate.c">
      <Filter>Source Files</Filter>
    </ClCompile>
    <ClCompile Include="E:\projects\NPLRuntime\Server\trunk\zlib-1.2.11\gzclose.c">
      <Filter>Source Files</Filter>
    </ClCompile>
    <ClCompile Include="E:\projects\NPLRuntime\Server\trunk\zlib-1.2.11\gzlib.c">
      <Filter>Source Files</Filter>
    </ClCompile>
    <ClCompile Include="E:\projects\NPLRuntime\Server\trunk\zlib-1.2.11\gzread.c">
      <Filter>Source Files</Filter>
    </ClCompile>
    <ClCompile Include="E:\projects\NPLRuntime\Server\trunk\zlib-1.2.11\gzwrite.c">
      <Filter>Source Files</Filter>
    </ClCompile>
    <ClCompile Include="E:\projects\NPLRuntime\Server\trunk\zlib-1.2.11\inflate.c">
      <Filter>Source Files</Filter>
    </ClCompile>
    <ClCompile Include="E:\projects\NPLRuntime\Server\trunk\zlib-1.2.11\infback.c">
      <Filter>Source Files</Filter>
    </ClCompile>
    <ClCompile Include="E:\projects\NPLRuntime\Server\trunk\zlib-1.2.11\inftrees.c">
      <Filter>Source Files</Filter>
    </ClCompile>
    <ClCompile Include="E:\projects\NPLRuntime\Server\trunk\zlib-1.2.11\inffast.c">
      <Filter>Source Files</Filter>
    </ClCompile>
    <ClCompile Include="E:\projects\NPLRuntime\Server\trunk\zlib-1.2.11\trees.c">
      <Filter>Source Files</Filter>
    </ClCompile>
    <ClCompile Include="E:\projects\NPLRuntime\Server\trunk\zlib-1.2.11\uncompr.c">
      <Filter>Source Files</Filter>
    </ClCompile>
    <ClCompile Include="E:\projects\NPLRuntime\Server\trunk\zlib-1.2.11\zutil.c">
      <Filter>Source Files</Filter>
    </ClCompile>
  </ItemGroup>
  <ItemGroup>
    <ClInclude Include="E:\projects\NPLRuntime\Client\Win32\zlib-1.2.11\zconf.h">
      <Filter>Header Files</Filter>
    </ClInclude>
    <ClInclude Include="E:\projects\NPLRuntime\Server\trunk\zlib-1.2.11\zlib.h">
      <Filter>Header Files</Filter>
    </ClInclude>
    <ClInclude Include="E:\projects\NPLRuntime\Server\trunk\zlib-1.2.11\crc32.h">
      <Filter>Header Files</Filter>
    </ClInclude>
    <ClInclude Include="E:\projects\NPLRuntime\Server\trunk\zlib-1.2.11\deflate.h">
      <Filter>Header Files</Filter>
    </ClInclude>
    <ClInclude Include="E:\projects\NPLRuntime\Server\trunk\zlib-1.2.11\gzguts.h">
      <Filter>Header Files</Filter>
    </ClInclude>
    <ClInclude Include="E:\projects\NPLRuntime\Server\trunk\zlib-1.2.11\inffast.h">
      <Filter>Header Files</Filter>
    </ClInclude>
    <ClInclude Include="E:\projects\NPLRuntime\Server\trunk\zlib-1.2.11\inffixed.h">
      <Filter>Header Files</Filter>
    </ClInclude>
    <ClInclude Include="E:\projects\NPLRuntime\Server\trunk\zlib-1.2.11\inflate.h">
      <Filter>Header Files</Filter>
    </ClInclude>
    <ClInclude Include="E:\projects\NPLRuntime\Server\trunk\zlib-1.2.11\inftrees.h">
      <Filter>Header Files</Filter>
    </ClInclude>
    <ClInclude Include="E:\projects\NPLRuntime\Server\trunk\zlib-1.2.11\trees.h">
      <Filter>Header Files</Filter>
    </ClInclude>
    <ClInclude Include="E:\projects\NPLRuntime\Server\trunk\zlib-1.2.11\zutil.h">
      <Filter>Header Files</Filter>
    </ClInclude>
  </ItemGroup>
  <ItemGroup>
    <CustomBuild Include="E:\projects\NPLRuntime\Server\trunk\zlib-1.2.11\CMakeLists.txt" />
  </ItemGroup>
  <ItemGroup>
    <Filter Include="Header Files">
      <UniqueIdentifier>{0822866B-7A79-3995-A468-392BA3023C58}</UniqueIdentifier>
    </Filter>
    <Filter Include="Source Files">
      <UniqueIdentifier>{4C2CAF42-75C3-3BBA-99C8-90464169B846}</UniqueIdentifier>
    </Filter>
  </ItemGroup>
</Project>
